
Microsoft Visual Studio Solution File, Format Version 12.00
# Visual Studio Express 2012 for Windows Desktop
Project("{8BC9CEB8-8B4A-11D0-8D11-00A0C91BC942}") = "justforfun", "justforfun.vcxproj", "{8874E15D-EB60-4892-BF7D-9006CC61B2DE}"
EndProject
Project("{8BC9CEB8-8B4A-11D0-8D11-00A0C91BC942}") = "libpng", "lpng162\projects\visualc71\libpng.vcxproj", "{F9A3986F-C3EF-4E1D-AC5F-666FF2A18EE7}"
EndProject
Project("{8BC9CEB8-8B4A-11D0-8D11-00A0C91BC942}") = "jpeglib", "jpeglib\project\jpeglib.vcxproj", "{969DC747-F3B7-466F-B66F-491A240C6C61}"
EndProject
Project("{8BC9CEB8-8B4A-11D0-8D11-00A0C91BC942}") = "zlib", "zlib\projects\msvc2010\zlib_2010.vcxproj", "{56ADAFAD-9F28-3C48-BE79-138F621E52CB}"
EndProject
Project("{8BC9CEB8-8B4A-11D0-8D11-00A0C91BC942}") = "DirectXTK_Desktop_2012", "directxtkFeb13\DirectXTK_Desktop_2012.vcxproj", "{E0B52AE7-E160-4D32-BF3F-910B785E5A8E}"
EndProject
Global
	GlobalSection(SolutionConfigurationPlatforms) = preSolution
		Debug|Win32 = Debug|Win32
		Debug|x64 = Debug|x64
		DLL Debug|Win32 = DLL Debug|Win32
		DLL Debug|x64 = DLL Debug|x64
		DLL Release|Win32 = DLL Release|Win32
		DLL Release|x64 = DLL Release|x64
		DLL VB|Win32 = DLL VB|Win32
		DLL VB|x64 = DLL VB|x64
		LIB Debug|Win32 = LIB Debug|Win32
		LIB Debug|x64 = LIB Debug|x64
		LIB Release|Win32 = LIB Release|Win32
		LIB Release|x64 = LIB Release|x64
		Release|Win32 = Release|Win32
		Release|x64 = Release|x64
		Win_Debug_DEF|Win32 = Win_Debug_DEF|Win32
		Win_Debug_DEF|x64 = Win_Debug_DEF|x64
		Win_Debug_DLL|Win32 = Win_Debug_DLL|Win32
		Win_Debug_DLL|x64 = Win_Debug_DLL|x64
		Win_Debug|Win32 = Win_Debug|Win32
		Win_Debug|x64 = Win_Debug|x64
		Win_Release_DEF|Win32 = Win_Release_DEF|Win32
		Win_Release_DEF|x64 = Win_Release_DEF|x64
		Win_Release_DLL|Win32 = Win_Release_DLL|Win32
		Win_Release_DLL|x64 = Win_Release_DLL|x64
		Win_Release|Win32 = Win_Release|Win32
		Win_Release|x64 = Win_Release|x64
	EndGlobalSection
	GlobalSection(ProjectConfigurationPlatforms) = postSolution
		{8874E15D-EB60-4892-BF7D-9006CC61B2DE}.Debug|Win32.ActiveCfg = Debug|Win32
		{8874E15D-EB60-4892-BF7D-9006CC61B2DE}.Debug|Win32.Build.0 = Debug|Win32
		{8874E15D-EB60-4892-BF7D-9006CC61B2DE}.Debug|x64.ActiveCfg = Debug|Win32
		{8874E15D-EB60-4892-BF7D-9006CC61B2DE}.DLL Debug|Win32.ActiveCfg = Debug|Win32
		{8874E15D-EB60-4892-BF7D-9006CC61B2DE}.DLL Debug|Win32.Build.0 = Debug|Win32
		{8874E15D-EB60-4892-BF7D-9006CC61B2DE}.DLL Debug|x64.ActiveCfg = Debug|Win32
		{8874E15D-EB60-4892-BF7D-9006CC61B2DE}.DLL Release|Win32.ActiveCfg = Release|Win32
		{8874E15D-EB60-4892-BF7D-9006CC61B2DE}.DLL Release|Win32.Build.0 = Release|Win32
		{8874E15D-EB60-4892-BF7D-9006CC61B2DE}.DLL Release|x64.ActiveCfg = Release|Win32
		{8874E15D-EB60-4892-BF7D-9006CC61B2DE}.DLL VB|Win32.ActiveCfg = Debug|Win32
		{8874E15D-EB60-4892-BF7D-9006CC61B2DE}.DLL VB|Win32.Build.0 = Debug|Win32
		{8874E15D-EB60-4892-BF7D-9006CC61B2DE}.DLL VB|x64.ActiveCfg = Debug|Win32
		{8874E15D-EB60-4892-BF7D-9006CC61B2DE}.LIB Debug|Win32.ActiveCfg = Debug|Win32
		{8874E15D-EB60-4892-BF7D-9006CC61B2DE}.LIB Debug|Win32.Build.0 = Debug|Win32
		{8874E15D-EB60-4892-BF7D-9006CC61B2DE}.LIB Debug|x64.ActiveCfg = Debug|Win32
		{8874E15D-EB60-4892-BF7D-9006CC61B2DE}.LIB Release|Win32.ActiveCfg = Release|Win32
		{8874E15D-EB60-4892-BF7D-9006CC61B2DE}.LIB Release|Win32.Build.0 = Release|Win32
		{8874E15D-EB60-4892-BF7D-9006CC61B2DE}.LIB Release|x64.ActiveCfg = Release|Win32
		{8874E15D-EB60-4892-BF7D-9006CC61B2DE}.Release|Win32.ActiveCfg = Release|Win32
		{8874E15D-EB60-4892-BF7D-9006CC61B2DE}.Release|Win32.Build.0 = Release|Win32
		{8874E15D-EB60-4892-BF7D-9006CC61B2DE}.Release|x64.ActiveCfg = Release|Win32
		{8874E15D-EB60-4892-BF7D-9006CC61B2DE}.Win_Debug_DEF|Win32.ActiveCfg = Debug|Win32
		{8874E15D-EB60-4892-BF7D-9006CC61B2DE}.Win_Debug_DEF|Win32.Build.0 = Debug|Win32
		{8874E15D-EB60-4892-BF7D-9006CC61B2DE}.Win_Debug_DEF|x64.ActiveCfg = Debug|Win32
		{8874E15D-EB60-4892-BF7D-9006CC61B2DE}.Win_Debug_DLL|Win32.ActiveCfg = Debug|Win32
		{8874E15D-EB60-4892-BF7D-9006CC61B2DE}.Win_Debug_DLL|Win32.Build.0 = Debug|Win32
		{8874E15D-EB60-4892-BF7D-9006CC61B2DE}.Win_Debug_DLL|x64.ActiveCfg = Debug|Win32
		{8874E15D-EB60-4892-BF7D-9006CC61B2DE}.Win_Debug|Win32.ActiveCfg = Debug|Win32
		{8874E15D-EB60-4892-BF7D-9006CC61B2DE}.Win_Debug|Win32.Build.0 = Debug|Win32
		{8874E15D-EB60-4892-BF7D-9006CC61B2DE}.Win_Debug|x64.ActiveCfg = Debug|Win32
		{8874E15D-EB60-4892-BF7D-9006CC61B2DE}.Win_Release_DEF|Win32.ActiveCfg = Release|Win32
		{8874E15D-EB60-4892-BF7D-9006CC61B2DE}.Win_Release_DEF|Win32.Build.0 = Release|Win32
		{8874E15D-EB60-4892-BF7D-9006CC61B2DE}.Win_Release_DEF|x64.ActiveCfg = Release|Win32
		{8874E15D-EB60-4892-BF7D-9006CC61B2DE}.Win_Release_DLL|Win32.ActiveCfg = Release|Win32
		{8874E15D-EB60-4892-BF7D-9006CC61B2DE}.Win_Release_DLL|Win32.Build.0 = Release|Win32
		{8874E15D-EB60-4892-BF7D-9006CC61B2DE}.Win_Release_DLL|x64.ActiveCfg = Release|Win32
		{8874E15D-EB60-4892-BF7D-9006CC61B2DE}.Win_Release|Win32.ActiveCfg = Release|Win32
		{8874E15D-EB60-4892-BF7D-9006CC61B2DE}.Win_Release|Win32.Build.0 = Release|Win32
		{8874E15D-EB60-4892-BF7D-9006CC61B2DE}.Win_Release|x64.ActiveCfg = Release|Win32
		{F9A3986F-C3EF-4E1D-AC5F-666FF2A18EE7}.Debug|Win32.ActiveCfg = LIB Debug|Win32
		{F9A3986F-C3EF-4E1D-AC5F-666FF2A18EE7}.Debug|Win32.Build.0 = LIB Debug|Win32
		{F9A3986F-C3EF-4E1D-AC5F-666FF2A18EE7}.Debug|x64.ActiveCfg = LIB Debug|Win32
		{F9A3986F-C3EF-4E1D-AC5F-666FF2A18EE7}.DLL Debug|Win32.ActiveCfg = DLL Debug|Win32
		{F9A3986F-C3EF-4E1D-AC5F-666FF2A18EE7}.DLL Debug|Win32.Build.0 = DLL Debug|Win32
		{F9A3986F-C3EF-4E1D-AC5F-666FF2A18EE7}.DLL Debug|x64.ActiveCfg = DLL Debug|Win32
		{F9A3986F-C3EF-4E1D-AC5F-666FF2A18EE7}.DLL Release|Win32.ActiveCfg = DLL Release|Win32
		{F9A3986F-C3EF-4E1D-AC5F-666FF2A18EE7}.DLL Release|Win32.Build.0 = DLL Release|Win32
		{F9A3986F-C3EF-4E1D-AC5F-666FF2A18EE7}.DLL Release|x64.ActiveCfg = DLL Release|Win32
		{F9A3986F-C3EF-4E1D-AC5F-666FF2A18EE7}.DLL VB|Win32.ActiveCfg = DLL VB|Win32
		{F9A3986F-C3EF-4E1D-AC5F-666FF2A18EE7}.DLL VB|Win32.Build.0 = DLL VB|Win32
		{F9A3986F-C3EF-4E1D-AC5F-666FF2A18EE7}.DLL VB|x64.ActiveCfg = DLL VB|Win32
		{F9A3986F-C3EF-4E1D-AC5F-666FF2A18EE7}.LIB Debug|Win32.ActiveCfg = LIB Debug|Win32
		{F9A3986F-C3EF-4E1D-AC5F-666FF2A18EE7}.LIB Debug|Win32.Build.0 = LIB Debug|Win32
		{F9A3986F-C3EF-4E1D-AC5F-666FF2A18EE7}.LIB Debug|x64.ActiveCfg = LIB Debug|Win32
		{F9A3986F-C3EF-4E1D-AC5F-666FF2A18EE7}.LIB Release|Win32.ActiveCfg = LIB Release|Win32
		{F9A3986F-C3EF-4E1D-AC5F-666FF2A18EE7}.LIB Release|Win32.Build.0 = LIB Release|Win32
		{F9A3986F-C3EF-4E1D-AC5F-666FF2A18EE7}.LIB Release|x64.ActiveCfg = LIB Release|Win32
		{F9A3986F-C3EF-4E1D-AC5F-666FF2A18EE7}.Release|Win32.ActiveCfg = LIB Release|Win32
		{F9A3986F-C3EF-4E1D-AC5F-666FF2A18EE7}.Release|Win32.Build.0 = LIB Release|Win32
		{F9A3986F-C3EF-4E1D-AC5F-666FF2A18EE7}.Release|x64.ActiveCfg = LIB Release|Win32
		{F9A3986F-C3EF-4E1D-AC5F-666FF2A18EE7}.Win_Debug_DEF|Win32.ActiveCfg = LIB Release|Win32
		{F9A3986F-C3EF-4E1D-AC5F-666FF2A18EE7}.Win_Debug_DEF|Win32.Build.0 = LIB Release|Win32
		{F9A3986F-C3EF-4E1D-AC5F-666FF2A18EE7}.Win_Debug_DEF|x64.ActiveCfg = LIB Release|Win32
		{F9A3986F-C3EF-4E1D-AC5F-666FF2A18EE7}.Win_Debug_DLL|Win32.ActiveCfg = LIB Release|Win32
		{F9A3986F-C3EF-4E1D-AC5F-666FF2A18EE7}.Win_Debug_DLL|Win32.Build.0 = LIB Release|Win32
		{F9A3986F-C3EF-4E1D-AC5F-666FF2A18EE7}.Win_Debug_DLL|x64.ActiveCfg = LIB Release|Win32
		{F9A3986F-C3EF-4E1D-AC5F-666FF2A18EE7}.Win_Debug|Win32.ActiveCfg = LIB Release|Win32
		{F9A3986F-C3EF-4E1D-AC5F-666FF2A18EE7}.Win_Debug|Win32.Build.0 = LIB Release|Win32
		{F9A3986F-C3EF-4E1D-AC5F-666FF2A18EE7}.Win_Debug|x64.ActiveCfg = LIB Release|Win32
		{F9A3986F-C3EF-4E1D-AC5F-666FF2A18EE7}.Win_Release_DEF|Win32.ActiveCfg = LIB Release|Win32
		{F9A3986F-C3EF-4E1D-AC5F-666FF2A18EE7}.Win_Release_DEF|Win32.Build.0 = LIB Release|Win32
		{F9A3986F-C3EF-4E1D-AC5F-666FF2A18EE7}.Win_Release_DEF|x64.ActiveCfg = LIB Release|Win32
		{F9A3986F-C3EF-4E1D-AC5F-666FF2A18EE7}.Win_Release_DLL|Win32.ActiveCfg = LIB Release|Win32
		{F9A3986F-C3EF-4E1D-AC5F-666FF2A18EE7}.Win_Release_DLL|Win32.Build.0 = LIB Release|Win32
		{F9A3986F-C3EF-4E1D-AC5F-666FF2A18EE7}.Win_Release_DLL|x64.ActiveCfg = LIB Release|Win32
		{F9A3986F-C3EF-4E1D-AC5F-666FF2A18EE7}.Win_Release|Win32.ActiveCfg = LIB Release|Win32
		{F9A3986F-C3EF-4E1D-AC5F-666FF2A18EE7}.Win_Release|Win32.Build.0 = LIB Release|Win32
		{F9A3986F-C3EF-4E1D-AC5F-666FF2A18EE7}.Win_Release|x64.ActiveCfg = LIB Release|Win32
		{969DC747-F3B7-466F-B66F-491A240C6C61}.Debug|Win32.ActiveCfg = Debug|Win32
		{969DC747-F3B7-466F-B66F-491A240C6C61}.Debug|Win32.Build.0 = Debug|Win32
		{969DC747-F3B7-466F-B66F-491A240C6C61}.Debug|x64.ActiveCfg = Debug|Win32
		{969DC747-F3B7-466F-B66F-491A240C6C61}.DLL Debug|Win32.ActiveCfg = Debug|Win32
		{969DC747-F3B7-466F-B66F-491A240C6C61}.DLL Debug|Win32.Build.0 = Debug|Win32
		{969DC747-F3B7-466F-B66F-491A240C6C61}.DLL Debug|x64.ActiveCfg = Debug|Win32
		{969DC747-F3B7-466F-B66F-491A240C6C61}.DLL Release|Win32.ActiveCfg = Release|Win32
		{969DC747-F3B7-466F-B66F-491A240C6C61}.DLL Release|Win32.Build.0 = Release|Win32
		{969DC747-F3B7-466F-B66F-491A240C6C61}.DLL Release|x64.ActiveCfg = Release|Win32
		{969DC747-F3B7-466F-B66F-491A240C6C61}.DLL VB|Win32.ActiveCfg = Debug|Win32
		{969DC747-F3B7-466F-B66F-491A240C6C61}.DLL VB|Win32.Build.0 = Debug|Win32
		{969DC747-F3B7-466F-B66F-491A240C6C61}.DLL VB|x64.ActiveCfg = Debug|Win32
		{969DC747-F3B7-466F-B66F-491A240C6C61}.LIB Debug|Win32.ActiveCfg = Debug|Win32
		{969DC747-F3B7-466F-B66F-491A240C6C61}.LIB Debug|Win32.Build.0 = Debug|Win32
		{969DC747-F3B7-466F-B66F-491A240C6C61}.LIB Debug|x64.ActiveCfg = Debug|Win32
		{969DC747-F3B7-466F-B66F-491A240C6C61}.LIB Release|Win32.ActiveCfg = Release|Win32
		{969DC747-F3B7-466F-B66F-491A240C6C61}.LIB Release|Win32.Build.0 = Release|Win32
		{969DC747-F3B7-466F-B66F-491A240C6C61}.LIB Release|x64.ActiveCfg = Release|Win32
		{969DC747-F3B7-466F-B66F-491A240C6C61}.Release|Win32.ActiveCfg = Release|Win32
		{969DC747-F3B7-466F-B66F-491A240C6C61}.Release|Win32.Build.0 = Release|Win32
		{969DC747-F3B7-466F-B66F-491A240C6C61}.Release|x64.ActiveCfg = Release|Win32
		{969DC747-F3B7-466F-B66F-491A240C6C61}.Win_Debug_DEF|Win32.ActiveCfg = Debug|Win32
		{969DC747-F3B7-466F-B66F-491A240C6C61}.Win_Debug_DEF|Win32.Build.0 = Debug|Win32
		{969DC747-F3B7-466F-B66F-491A240C6C61}.Win_Debug_DEF|x64.ActiveCfg = Debug|Win32
		{969DC747-F3B7-466F-B66F-491A240C6C61}.Win_Debug_DLL|Win32.ActiveCfg = Debug|Win32
		{969DC747-F3B7-466F-B66F-491A240C6C61}.Win_Debug_DLL|Win32.Build.0 = Debug|Win32
		{969DC747-F3B7-466F-B66F-491A240C6C61}.Win_Debug_DLL|x64.ActiveCfg = Debug|Win32
		{969DC747-F3B7-466F-B66F-491A240C6C61}.Win_Debug|Win32.ActiveCfg = Debug|Win32
		{969DC747-F3B7-466F-B66F-491A240C6C61}.Win_Debug|Win32.Build.0 = Debug|Win32
		{969DC747-F3B7-466F-B66F-491A240C6C61}.Win_Debug|x64.ActiveCfg = Debug|Win32
		{969DC747-F3B7-466F-B66F-491A240C6C61}.Win_Release_DEF|Win32.ActiveCfg = Release|Win32
		{969DC747-F3B7-466F-B66F-491A240C6C61}.Win_Release_DEF|Win32.Build.0 = Release|Win32
		{969DC747-F3B7-466F-B66F-491A240C6C61}.Win_Release_DEF|x64.ActiveCfg = Release|Win32
		{969DC747-F3B7-466F-B66F-491A240C6C61}.Win_Release_DLL|Win32.ActiveCfg = Release|Win32
		{969DC747-F3B7-466F-B66F-491A240C6C61}.Win_Release_DLL|Win32.Build.0 = Release|Win32
		{969DC747-F3B7-466F-B66F-491A240C6C61}.Win_Release_DLL|x64.ActiveCfg = Release|Win32
		{969DC747-F3B7-466F-B66F-491A240C6C61}.Win_Release|Win32.ActiveCfg = Release|Win32
		{969DC747-F3B7-466F-B66F-491A240C6C61}.Win_Release|Win32.Build.0 = Release|Win32
		{969DC747-F3B7-466F-B66F-491A240C6C61}.Win_Release|x64.ActiveCfg = Release|Win32
		{56ADAFAD-9F28-3C48-BE79-138F621E52CB}.Debug|Win32.ActiveCfg = Win_Debug|Win32
		{56ADAFAD-9F28-3C48-BE79-138F621E52CB}.Debug|Win32.Build.0 = Win_Debug|Win32
		{56ADAFAD-9F28-3C48-BE79-138F621E52CB}.Debug|x64.ActiveCfg = Win_Debug_DLL|Win32
		{56ADAFAD-9F28-3C48-BE79-138F621E52CB}.DLL Debug|Win32.ActiveCfg = Win_Release_DEF|Win32
		{56ADAFAD-9F28-3C48-BE79-138F621E52CB}.DLL Debug|Win32.Build.0 = Win_Release_DEF|Win32
		{56ADAFAD-9F28-3C48-BE79-138F621E52CB}.DLL Debug|x64.ActiveCfg = Win_Release_DEF|Win32
		{56ADAFAD-9F28-3C48-BE79-138F621E52CB}.DLL Release|Win32.ActiveCfg = Win_Release_DEF|Win32
		{56ADAFAD-9F28-3C48-BE79-138F621E52CB}.DLL Release|Win32.Build.0 = Win_Release_DEF|Win32
		{56ADAFAD-9F28-3C48-BE79-138F621E52CB}.DLL Release|x64.ActiveCfg = Win_Release_DEF|Win32
		{56ADAFAD-9F28-3C48-BE79-138F621E52CB}.DLL VB|Win32.ActiveCfg = Win_Release_DEF|Win32
		{56ADAFAD-9F28-3C48-BE79-138F621E52CB}.DLL VB|Win32.Build.0 = Win_Release_DEF|Win32
		{56ADAFAD-9F28-3C48-BE79-138F621E52CB}.DLL VB|x64.ActiveCfg = Win_Release_DEF|Win32
		{56ADAFAD-9F28-3C48-BE79-138F621E52CB}.LIB Debug|Win32.ActiveCfg = Win_Release_DEF|Win32
		{56ADAFAD-9F28-3C48-BE79-138F621E52CB}.LIB Debug|Win32.Build.0 = Win_Release_DEF|Win32
		{56ADAFAD-9F28-3C48-BE79-138F621E52CB}.LIB Debug|x64.ActiveCfg = Win_Release_DEF|Win32
		{56ADAFAD-9F28-3C48-BE79-138F621E52CB}.LIB Release|Win32.ActiveCfg = Win_Release_DEF|Win32
		{56ADAFAD-9F28-3C48-BE79-138F621E52CB}.LIB Release|Win32.Build.0 = Win_Release_DEF|Win32
		{56ADAFAD-9F28-3C48-BE79-138F621E52CB}.LIB Release|x64.ActiveCfg = Win_Release_DEF|Win32
		{56ADAFAD-9F28-3C48-BE79-138F621E52CB}.Release|Win32.ActiveCfg = Win_Release_DEF|Win32
		{56ADAFAD-9F28-3C48-BE79-138F621E52CB}.Release|Win32.Build.0 = Win_Release_DEF|Win32
		{56ADAFAD-9F28-3C48-BE79-138F621E52CB}.Release|x64.ActiveCfg = Win_Release_DEF|Win32
		{56ADAFAD-9F28-3C48-BE79-138F621E52CB}.Win_Debug_DEF|Win32.ActiveCfg = Win_Debug_DEF|Win32
		{56ADAFAD-9F28-3C48-BE79-138F621E52CB}.Win_Debug_DEF|Win32.Build.0 = Win_Debug_DEF|Win32
		{56ADAFAD-9F28-3C48-BE79-138F621E52CB}.Win_Debug_DEF|x64.ActiveCfg = Win_Debug_DEF|Win32
		{56ADAFAD-9F28-3C48-BE79-138F621E52CB}.Win_Debug_DLL|Win32.ActiveCfg = Win_Debug_DLL|Win32
		{56ADAFAD-9F28-3C48-BE79-138F621E52CB}.Win_Debug_DLL|Win32.Build.0 = Win_Debug_DLL|Win32
		{56ADAFAD-9F28-3C48-BE79-138F621E52CB}.Win_Debug_DLL|x64.ActiveCfg = Win_Debug_DLL|Win32
		{56ADAFAD-9F28-3C48-BE79-138F621E52CB}.Win_Debug|Win32.ActiveCfg = Win_Debug|Win32
		{56ADAFAD-9F28-3C48-BE79-138F621E52CB}.Win_Debug|Win32.Build.0 = Win_Debug|Win32
		{56ADAFAD-9F28-3C48-BE79-138F621E52CB}.Win_Debug|x64.ActiveCfg = Win_Debug|Win32
		{56ADAFAD-9F28-3C48-BE79-138F621E52CB}.Win_Release_DEF|Win32.ActiveCfg = Win_Release_DEF|Win32
		{56ADAFAD-9F28-3C48-BE79-138F621E52CB}.Win_Release_DEF|Win32.Build.0 = Win_Release_DEF|Win32
		{56ADAFAD-9F28-3C48-BE79-138F621E52CB}.Win_Release_DEF|x64.ActiveCfg = Win_Release_DEF|Win32
		{56ADAFAD-9F28-3C48-BE79-138F621E52CB}.Win_Release_DLL|Win32.ActiveCfg = Win_Release_DLL|Win32
		{56ADAFAD-9F28-3C48-BE79-138F621E52CB}.Win_Release_DLL|Win32.Build.0 = Win_Release_DLL|Win32
		{56ADAFAD-9F28-3C48-BE79-138F621E52CB}.Win_Release_DLL|x64.ActiveCfg = Win_Release_DLL|Win32
		{56ADAFAD-9F28-3C48-BE79-138F621E52CB}.Win_Release|Win32.ActiveCfg = Win_Release|Win32
		{56ADAFAD-9F28-3C48-BE79-138F621E52CB}.Win_Release|Win32.Build.0 = Win_Release|Win32
		{56ADAFAD-9F28-3C48-BE79-138F621E52CB}.Win_Release|x64.ActiveCfg = Win_Release|Win32
		{E0B52AE7-E160-4D32-BF3F-910B785E5A8E}.Debug|Win32.ActiveCfg = Debug|Win32
		{E0B52AE7-E160-4D32-BF3F-910B785E5A8E}.Debug|Win32.Build.0 = Debug|Win32
		{E0B52AE7-E160-4D32-BF3F-910B785E5A8E}.Debug|x64.ActiveCfg = Debug|x64
		{E0B52AE7-E160-4D32-BF3F-910B785E5A8E}.Debug|x64.Build.0 = Debug|x64
		{E0B52AE7-E160-4D32-BF3F-910B785E5A8E}.DLL Debug|Win32.ActiveCfg = Debug|Win32
		{E0B52AE7-E160-4D32-BF3F-910B785E5A8E}.DLL Debug|Win32.Build.0 = Debug|Win32
		{E0B52AE7-E160-4D32-BF3F-910B785E5A8E}.DLL Debug|x64.ActiveCfg = Debug|x64
		{E0B52AE7-E160-4D32-BF3F-910B785E5A8E}.DLL Debug|x64.Build.0 = Debug|x64
		{E0B52AE7-E160-4D32-BF3F-910B785E5A8E}.DLL Release|Win32.ActiveCfg = Release|Win32
		{E0B52AE7-E160-4D32-BF3F-910B785E5A8E}.DLL Release|Win32.Build.0 = Release|Win32
		{E0B52AE7-E160-4D32-BF3F-910B785E5A8E}.DLL Release|x64.ActiveCfg = Release|x64
		{E0B52AE7-E160-4D32-BF3F-910B785E5A8E}.DLL Release|x64.Build.0 = Release|x64
		{E0B52AE7-E160-4D32-BF3F-910B785E5A8E}.DLL VB|Win32.ActiveCfg = Debug|Win32
		{E0B52AE7-E160-4D32-BF3F-910B785E5A8E}.DLL VB|Win32.Build.0 = Debug|Win32
		{E0B52AE7-E160-4D32-BF3F-910B785E5A8E}.DLL VB|x64.ActiveCfg = Debug|x64
		{E0B52AE7-E160-4D32-BF3F-910B785E5A8E}.DLL VB|x64.Build.0 = Debug|x64
		{E0B52AE7-E160-4D32-BF3F-910B785E5A8E}.LIB Debug|Win32.ActiveCfg = Debug|Win32
		{E0B52AE7-E160-4D32-BF3F-910B785E5A8E}.LIB Debug|Win32.Build.0 = Debug|Win32
		{E0B52AE7-E160-4D32-BF3F-910B785E5A8E}.LIB Debug|x64.ActiveCfg = Debug|x64
		{E0B52AE7-E160-4D32-BF3F-910B785E5A8E}.LIB Debug|x64.Build.0 = Debug|x64
		{E0B52AE7-E160-4D32-BF3F-910B785E5A8E}.LIB Release|Win32.ActiveCfg = Release|Win32
		{E0B52AE7-E160-4D32-BF3F-910B785E5A8E}.LIB Release|Win32.Build.0 = Release|Win32
		{E0B52AE7-E160-4D32-BF3F-910B785E5A8E}.LIB Release|x64.ActiveCfg = Release|x64
		{E0B52AE7-E160-4D32-BF3F-910B785E5A8E}.LIB Release|x64.Build.0 = Release|x64
		{E0B52AE7-E160-4D32-BF3F-910B785E5A8E}.Release|Win32.ActiveCfg = Release|Win32
		{E0B52AE7-E160-4D32-BF3F-910B785E5A8E}.Release|Win32.Build.0 = Release|Win32
		{E0B52AE7-E160-4D32-BF3F-910B785E5A8E}.Release|x64.ActiveCfg = Release|x64
		{E0B52AE7-E160-4D32-BF3F-910B785E5A8E}.Release|x64.Build.0 = Release|x64
		{E0B52AE7-E160-4D32-BF3F-910B785E5A8E}.Win_Debug_DEF|Win32.ActiveCfg = Debug|Win32
		{E0B52AE7-E160-4D32-BF3F-910B785E5A8E}.Win_Debug_DEF|Win32.Build.0 = Debug|Win32
		{E0B52AE7-E160-4D32-BF3F-910B785E5A8E}.Win_Debug_DEF|x64.ActiveCfg = Debug|x64
		{E0B52AE7-E160-4D32-BF3F-910B785E5A8E}.Win_Debug_DEF|x64.Build.0 = Debug|x64
		{E0B52AE7-E160-4D32-BF3F-910B785E5A8E}.Win_Debug_DLL|Win32.ActiveCfg = Debug|Win32
		{E0B52AE7-E160-4D32-BF3F-910B785E5A8E}.Win_Debug_DLL|Win32.Build.0 = Debug|Win32
		{E0B52AE7-E160-4D32-BF3F-910B785E5A8E}.Win_Debug_DLL|x64.ActiveCfg = Debug|x64
		{E0B52AE7-E160-4D32-BF3F-910B785E5A8E}.Win_Debug_DLL|x64.Build.0 = Debug|x64
		{E0B52AE7-E160-4D32-BF3F-910B785E5A8E}.Win_Debug|Win32.ActiveCfg = Debug|Win32
		{E0B52AE7-E160-4D32-BF3F-910B785E5A8E}.Win_Debug|Win32.Build.0 = Debug|Win32
		{E0B52AE7-E160-4D32-BF3F-910B785E5A8E}.Win_Debug|x64.ActiveCfg = Debug|x64
		{E0B52AE7-E160-4D32-BF3F-910B785E5A8E}.Win_Debug|x64.Build.0 = Debug|x64
		{E0B52AE7-E160-4D32-BF3F-910B785E5A8E}.Win_Release_DEF|Win32.ActiveCfg = Release|Win32
		{E0B52AE7-E160-4D32-BF3F-910B785E5A8E}.Win_Release_DEF|Win32.Build.0 = Release|Win32
		{E0B52AE7-E160-4D32-BF3F-910B785E5A8E}.Win_Release_DEF|x64.ActiveCfg = Release|x64
		{E0B52AE7-E160-4D32-BF3F-910B785E5A8E}.Win_Release_DEF|x64.Build.0 = Release|x64
		{E0B52AE7-E160-4D32-BF3F-910B785E5A8E}.Win_Release_DLL|Win32.ActiveCfg = Release|Win32
		{E0B52AE7-E160-4D32-BF3F-910B785E5A8E}.Win_Release_DLL|Win32.Build.0 = Release|Win32
		{E0B52AE7-E160-4D32-BF3F-910B785E5A8E}.Win_Release_DLL|x64.ActiveCfg = Release|x64
		{E0B52AE7-E160-4D32-BF3F-910B785E5A8E}.Win_Release_DLL|x64.Build.0 = Release|x64
		{E0B52AE7-E160-4D32-BF3F-910B785E5A8E}.Win_Release|Win32.ActiveCfg = Release|Win32
		{E0B52AE7-E160-4D32-BF3F-910B785E5A8E}.Win_Release|Win32.Build.0 = Release|Win32
		{E0B52AE7-E160-4D32-BF3F-910B785E5A8E}.Win_Release|x64.ActiveCfg = Release|x64
		{E0B52AE7-E160-4D32-BF3F-910B785E5A8E}.Win_Release|x64.Build.0 = Release|x64
	EndGlobalSection
	GlobalSection(SolutionProperties) = preSolution
		HideSolutionNode = FALSE
	EndGlobalSection
EndGlobal
